// !$*UTF8*$!
{
	archiveVersion = 1;
	classes = {
	};
	objectVersion = 46;
	objects = {

/* Begin PBXBuildFile section */
		7724A1B61C7C63BA00AD740E /* client_socket.m in Sources */ = {isa = PBXBuildFile; fileRef = 7724A1B51C7C63BA00AD740E /* client_socket.m */; };
		7724A1B91C7C657000AD740E /* server_socket.m in Sources */ = {isa = PBXBuildFile; fileRef = 7724A1B81C7C657000AD740E /* server_socket.m */; };
		7724A1C41C7C689B00AD740E /* socket_manager.m in Sources */ = {isa = PBXBuildFile; fileRef = 7724A1C31C7C689B00AD740E /* socket_manager.m */; };
		7724A1C81C7C6A3300AD740E /* Algorithm.m in Sources */ = {isa = PBXBuildFile; fileRef = 7724A1C71C7C6A3300AD740E /* Algorithm.m */; };
		773297221C7C4870001F853F /* main.m in Sources */ = {isa = PBXBuildFile; fileRef = 773297211C7C4870001F853F /* main.m */; };
		773297381C7C48D6001F853F /* binaryTree.c in Sources */ = {isa = PBXBuildFile; fileRef = 773297281C7C48D5001F853F /* binaryTree.c */; };
		773297391C7C48D6001F853F /* character.c in Sources */ = {isa = PBXBuildFile; fileRef = 7732972A1C7C48D5001F853F /* character.c */; };
		7732973A1C7C48D6001F853F /* link.c in Sources */ = {isa = PBXBuildFile; fileRef = 7732972C1C7C48D5001F853F /* link.c */; };
		7732973B1C7C48D6001F853F /* polymorphic.c in Sources */ = {isa = PBXBuildFile; fileRef = 7732972E1C7C48D6001F853F /* polymorphic.c */; };
		7732973C1C7C48D6001F853F /* queue.c in Sources */ = {isa = PBXBuildFile; fileRef = 773297301C7C48D6001F853F /* queue.c */; };
		7732973D1C7C48D6001F853F /* stack.c in Sources */ = {isa = PBXBuildFile; fileRef = 773297321C7C48D6001F853F /* stack.c */; };
		7732973E1C7C48D6001F853F /* struct.c in Sources */ = {isa = PBXBuildFile; fileRef = 773297341C7C48D6001F853F /* struct.c */; };
		7732973F1C7C48D6001F853F /* thread.c in Sources */ = {isa = PBXBuildFile; fileRef = 773297361C7C48D6001F853F /* thread.c */; };
		773297411C7C493D001F853F /* block.mm in Sources */ = {isa = PBXBuildFile; fileRef = 773297401C7C493D001F853F /* block.mm */; };
		77A541761D02CE8D0089474D /* CPlusplus.cpp in Sources */ = {isa = PBXBuildFile; fileRef = 77A541741D02CE8D0089474D /* CPlusplus.cpp */; };
		77E604111C7C5B6A00D9325E /* GCD.m in Sources */ = {isa = PBXBuildFile; fileRef = 77E604101C7C5B6A00D9325E /* GCD.m */; };
		77FA267A1C7F45BB008C3721 /* runloop.m in Sources */ = {isa = PBXBuildFile; fileRef = 77FA26791C7F45BB008C3721 /* runloop.m */; };
/* End PBXBuildFile section */

/* Begin PBXCopyFilesBuildPhase section */
		7732971C1C7C4870001F853F /* CopyFiles */ = {
			isa = PBXCopyFilesBuildPhase;
			buildActionMask = 2147483647;
			dstPath = /usr/share/man/man1/;
			dstSubfolderSpec = 0;
			files = (
			);
			runOnlyForDeploymentPostprocessing = 1;
		};
/* End PBXCopyFilesBuildPhase section */

/* Begin PBXFileReference section */
		7724A1B41C7C63BA00AD740E /* client_socket.h */ = {isa = PBXFileReference; fileEncoding = 4; lastKnownFileType = sourcecode.c.h; path = client_socket.h; sourceTree = "<group>"; };
		7724A1B51C7C63BA00AD740E /* client_socket.m */ = {isa = PBXFileReference; fileEncoding = 4; lastKnownFileType = sourcecode.c.objc; path = client_socket.m; sourceTree = "<group>"; };
		7724A1B71C7C657000AD740E /* server_socket.h */ = {isa = PBXFileReference; fileEncoding = 4; lastKnownFileType = sourcecode.c.h; path = server_socket.h; sourceTree = "<group>"; };
		7724A1B81C7C657000AD740E /* server_socket.m */ = {isa = PBXFileReference; fileEncoding = 4; lastKnownFileType = sourcecode.c.objc; path = server_socket.m; sourceTree = "<group>"; };
		7724A1C21C7C689B00AD740E /* socket_manager.h */ = {isa = PBXFileReference; fileEncoding = 4; lastKnownFileType = sourcecode.c.h; path = socket_manager.h; sourceTree = "<group>"; };
		7724A1C31C7C689B00AD740E /* socket_manager.m */ = {isa = PBXFileReference; fileEncoding = 4; lastKnownFileType = sourcecode.c.objc; path = socket_manager.m; sourceTree = "<group>"; };
		7724A1C61C7C6A3300AD740E /* Algorithm.h */ = {isa = PBXFileReference; fileEncoding = 4; lastKnownFileType = sourcecode.c.h; path = Algorithm.h; sourceTree = "<group>"; };
		7724A1C71C7C6A3300AD740E /* Algorithm.m */ = {isa = PBXFileReference; fileEncoding = 4; lastKnownFileType = sourcecode.c.objc; path = Algorithm.m; sourceTree = "<group>"; };
		7732971E1C7C4870001F853F /* Block */ = {isa = PBXFileReference; explicitFileType = "compiled.mach-o.executable"; includeInIndex = 0; path = Block; sourceTree = BUILT_PRODUCTS_DIR; };
		773297211C7C4870001F853F /* main.m */ = {isa = PBXFileReference; lastKnownFileType = sourcecode.c.objc; name = main.m; path = Block/main.m; sourceTree = "<group>"; };
		773297281C7C48D5001F853F /* binaryTree.c */ = {isa = PBXFileReference; fileEncoding = 4; lastKnownFileType = sourcecode.c.c; name = binaryTree.c; path = Block/binaryTree.c; sourceTree = "<group>"; };
		773297291C7C48D5001F853F /* binaryTree.h */ = {isa = PBXFileReference; fileEncoding = 4; lastKnownFileType = sourcecode.c.h; name = binaryTree.h; path = Block/binaryTree.h; sourceTree = "<group>"; };
		7732972A1C7C48D5001F853F /* character.c */ = {isa = PBXFileReference; fileEncoding = 4; lastKnownFileType = sourcecode.c.c; name = character.c; path = Block/character.c; sourceTree = "<group>"; };
		7732972B1C7C48D5001F853F /* character.h */ = {isa = PBXFileReference; fileEncoding = 4; lastKnownFileType = sourcecode.c.h; name = character.h; path = Block/character.h; sourceTree = "<group>"; };
		7732972C1C7C48D5001F853F /* link.c */ = {isa = PBXFileReference; fileEncoding = 4; lastKnownFileType = sourcecode.c.c; name = link.c; path = Block/link.c; sourceTree = "<group>"; };
		7732972D1C7C48D5001F853F /* link.h */ = {isa = PBXFileReference; fileEncoding = 4; lastKnownFileType = sourcecode.c.h; name = link.h; path = Block/link.h; sourceTree = "<group>"; };
		7732972E1C7C48D6001F853F /* polymorphic.c */ = {isa = PBXFileReference; fileEncoding = 4; lastKnownFileType = sourcecode.c.c; name = polymorphic.c; path = Block/polymorphic.c; sourceTree = "<group>"; };
		7732972F1C7C48D6001F853F /* polymorphic.h */ = {isa = PBXFileReference; fileEncoding = 4; lastKnownFileType = sourcecode.c.h; name = polymorphic.h; path = Block/polymorphic.h; sourceTree = "<group>"; };
		773297301C7C48D6001F853F /* queue.c */ = {isa = PBXFileReference; fileEncoding = 4; lastKnownFileType = sourcecode.c.c; name = queue.c; path = Block/queue.c; sourceTree = "<group>"; };
		773297311C7C48D6001F853F /* queue.h */ = {isa = PBXFileReference; fileEncoding = 4; lastKnownFileType = sourcecode.c.h; name = queue.h; path = Block/queue.h; sourceTree = "<group>"; };
		773297321C7C48D6001F853F /* stack.c */ = {isa = PBXFileReference; fileEncoding = 4; lastKnownFileType = sourcecode.c.c; name = stack.c; path = Block/stack.c; sourceTree = "<group>"; };
		773297331C7C48D6001F853F /* stack.h */ = {isa = PBXFileReference; fileEncoding = 4; lastKnownFileType = sourcecode.c.h; name = stack.h; path = Block/stack.h; sourceTree = "<group>"; };
		773297341C7C48D6001F853F /* struct.c */ = {isa = PBXFileReference; fileEncoding = 4; lastKnownFileType = sourcecode.c.c; name = struct.c; path = Block/struct.c; sourceTree = "<group>"; };
		773297351C7C48D6001F853F /* struct.h */ = {isa = PBXFileReference; fileEncoding = 4; lastKnownFileType = sourcecode.c.h; name = struct.h; path = Block/struct.h; sourceTree = "<group>"; };
		773297361C7C48D6001F853F /* thread.c */ = {isa = PBXFileReference; fileEncoding = 4; lastKnownFileType = sourcecode.c.c; name = thread.c; path = Block/thread.c; sourceTree = "<group>"; };
		773297371C7C48D6001F853F /* thread.h */ = {isa = PBXFileReference; fileEncoding = 4; lastKnownFileType = sourcecode.c.h; name = thread.h; path = Block/thread.h; sourceTree = "<group>"; };
		773297401C7C493D001F853F /* block.mm */ = {isa = PBXFileReference; fileEncoding = 4; lastKnownFileType = sourcecode.cpp.objcpp; path = block.mm; sourceTree = "<group>"; };
		773297421C7C4949001F853F /* block.h */ = {isa = PBXFileReference; lastKnownFileType = sourcecode.c.h; path = block.h; sourceTree = "<group>"; };
		77A541741D02CE8D0089474D /* CPlusplus.cpp */ = {isa = PBXFileReference; fileEncoding = 4; lastKnownFileType = sourcecode.cpp.cpp; path = CPlusplus.cpp; sourceTree = "<group>"; };
		77A541751D02CE8D0089474D /* CPlusplus.hpp */ = {isa = PBXFileReference; fileEncoding = 4; lastKnownFileType = sourcecode.cpp.h; path = CPlusplus.hpp; sourceTree = "<group>"; };
		77E6040F1C7C5B6A00D9325E /* GCD.h */ = {isa = PBXFileReference; fileEncoding = 4; lastKnownFileType = sourcecode.c.h; path = GCD.h; sourceTree = "<group>"; };
		77E604101C7C5B6A00D9325E /* GCD.m */ = {isa = PBXFileReference; fileEncoding = 4; lastKnownFileType = sourcecode.c.objc; path = GCD.m; sourceTree = "<group>"; };
		77FA26781C7F45BB008C3721 /* runloop.h */ = {isa = PBXFileReference; fileEncoding = 4; lastKnownFileType = sourcecode.c.h; path = runloop.h; sourceTree = "<group>"; };
		77FA26791C7F45BB008C3721 /* runloop.m */ = {isa = PBXFileReference; fileEncoding = 4; lastKnownFileType = sourcecode.c.objc; path = runloop.m; sourceTree = "<group>"; };
/* End PBXFileReference section */

/* Begin PBXFrameworksBuildPhase section */
		7732971B1C7C4870001F853F /* Frameworks */ = {
			isa = PBXFrameworksBuildPhase;
			buildActionMask = 2147483647;
			files = (
			);
			runOnlyForDeploymentPostprocessing = 0;
		};
/* End PBXFrameworksBuildPhase section */

/* Begin PBXGroup section */
		7724A1B31C7C639C00AD740E /* Socket */ = {
			isa = PBXGroup;
			children = (
				7724A1B41C7C63BA00AD740E /* client_socket.h */,
				7724A1B51C7C63BA00AD740E /* client_socket.m */,
				7724A1B71C7C657000AD740E /* server_socket.h */,
				7724A1B81C7C657000AD740E /* server_socket.m */,
				7724A1C21C7C689B00AD740E /* socket_manager.h */,
				7724A1C31C7C689B00AD740E /* socket_manager.m */,
			);
			name = Socket;
			sourceTree = "<group>";
		};
		7724A1C51C7C69E500AD740E /* Algorithm */ = {
			isa = PBXGroup;
			children = (
				7724A1C61C7C6A3300AD740E /* Algorithm.h */,
				7724A1C71C7C6A3300AD740E /* Algorithm.m */,
			);
			name = Algorithm;
			sourceTree = "<group>";
		};
		773297151C7C4870001F853F = {
			isa = PBXGroup;
			children = (
				77A541731D02CE6A0089474D /* C++ */,
				773297211C7C4870001F853F /* main.m */,
				77FA26771C7F45A2008C3721 /* Runloop */,
				7724A1C51C7C69E500AD740E /* Algorithm */,
				7724A1B31C7C639C00AD740E /* Socket */,
				77E6040E1C7C5AFA00D9325E /* DS */,
				77E6040D1C7C5AE700D9325E /* GCD */,
				773297201C7C4870001F853F /* Block */,
				7732971F1C7C4870001F853F /* Products */,
			);
			sourceTree = "<group>";
		};
		7732971F1C7C4870001F853F /* Products */ = {
			isa = PBXGroup;
			children = (
				7732971E1C7C4870001F853F /* Block */,
			);
			name = Products;
			sourceTree = "<group>";
		};
		773297201C7C4870001F853F /* Block */ = {
			isa = PBXGroup;
			children = (
				773297421C7C4949001F853F /* block.h */,
				773297401C7C493D001F853F /* block.mm */,
			);
			path = Block;
			sourceTree = "<group>";
		};
		77A541731D02CE6A0089474D /* C++ */ = {
			isa = PBXGroup;
			children = (
				77A541741D02CE8D0089474D /* CPlusplus.cpp */,
				77A541751D02CE8D0089474D /* CPlusplus.hpp */,
			);
			name = "C++";
			sourceTree = "<group>";
		};
		77E6040D1C7C5AE700D9325E /* GCD */ = {
			isa = PBXGroup;
			children = (
				77E6040F1C7C5B6A00D9325E /* GCD.h */,
				77E604101C7C5B6A00D9325E /* GCD.m */,
			);
			name = GCD;
			sourceTree = "<group>";
		};
		77E6040E1C7C5AFA00D9325E /* DS */ = {
			isa = PBXGroup;
			children = (
				773297281C7C48D5001F853F /* binaryTree.c */,
				773297291C7C48D5001F853F /* binaryTree.h */,
				7732972A1C7C48D5001F853F /* character.c */,
				7732972B1C7C48D5001F853F /* character.h */,
				7732972E1C7C48D6001F853F /* polymorphic.c */,
				7732972F1C7C48D6001F853F /* polymorphic.h */,
				773297301C7C48D6001F853F /* queue.c */,
				773297311C7C48D6001F853F /* queue.h */,
				773297321C7C48D6001F853F /* stack.c */,
				773297331C7C48D6001F853F /* stack.h */,
				773297341C7C48D6001F853F /* struct.c */,
				773297351C7C48D6001F853F /* struct.h */,
				773297361C7C48D6001F853F /* thread.c */,
				773297371C7C48D6001F853F /* thread.h */,
				7732972C1C7C48D5001F853F /* link.c */,
				7732972D1C7C48D5001F853F /* link.h */,
			);
			name = DS;
			sourceTree = "<group>";
		};
		77FA26771C7F45A2008C3721 /* Runloop */ = {
			isa = PBXGroup;
			children = (
				77FA26781C7F45BB008C3721 /* runloop.h */,
				77FA26791C7F45BB008C3721 /* runloop.m */,
			);
			name = Runloop;
			sourceTree = "<group>";
		};
/* End PBXGroup section */

/* Begin PBXNativeTarget section */
		7732971D1C7C4870001F853F /* Block */ = {
			isa = PBXNativeTarget;
			buildConfigurationList = 773297251C7C4870001F853F /* Build configuration list for PBXNativeTarget "Block" */;
			buildPhases = (
				7732971A1C7C4870001F853F /* Sources */,
				7732971B1C7C4870001F853F /* Frameworks */,
				7732971C1C7C4870001F853F /* CopyFiles */,
			);
			buildRules = (
			);
			dependencies = (
			);
			name = Block;
			productName = Block;
			productReference = 7732971E1C7C4870001F853F /* Block */;
			productType = "com.apple.product-type.tool";
		};
/* End PBXNativeTarget section */

/* Begin PBXProject section */
		773297161C7C4870001F853F /* Project object */ = {
			isa = PBXProject;
			attributes = {
				LastUpgradeCheck = 0720;
				ORGANIZATIONNAME = "hairong chen";
				TargetAttributes = {
					7732971D1C7C4870001F853F = {
						CreatedOnToolsVersion = 7.2.1;
					};
				};
			};
			buildConfigurationList = 773297191C7C4870001F853F /* Build configuration list for PBXProject "Block" */;
			compatibilityVersion = "Xcode 3.2";
			developmentRegion = English;
			hasScannedForEncodings = 0;
			knownRegions = (
				en,
			);
			mainGroup = 773297151C7C4870001F853F;
			productRefGroup = 7732971F1C7C4870001F853F /* Products */;
			projectDirPath = "";
			projectRoot = "";
			targets = (
				7732971D1C7C4870001F853F /* Block */,
			);
		};
/* End PBXProject section */

/* Begin PBXSourcesBuildPhase section */
		7732971A1C7C4870001F853F /* Sources */ = {
			isa = PBXSourcesBuildPhase;
			buildActionMask = 2147483647;
			files = (
				77E604111C7C5B6A00D9325E /* GCD.m in Sources */,
				7732973B1C7C48D6001F853F /* polymorphic.c in Sources */,
				773297391C7C48D6001F853F /* character.c in Sources */,
				77FA267A1C7F45BB008C3721 /* runloop.m in Sources */,
				7732973F1C7C48D6001F853F /* thread.c in Sources */,
				7724A1B61C7C63BA00AD740E /* client_socket.m in Sources */,
				7732973A1C7C48D6001F853F /* link.c in Sources */,
				7732973C1C7C48D6001F853F /* queue.c in Sources */,
				7732973D1C7C48D6001F853F /* stack.c in Sources */,
				7724A1C41C7C689B00AD740E /* socket_manager.m in Sources */,
				773297381C7C48D6001F853F /* binaryTree.c in Sources */,
				7724A1C81C7C6A3300AD740E /* Algorithm.m in Sources */,
				773297411C7C493D001F853F /* block.mm in Sources */,
				7732973E1C7C48D6001F853F /* struct.c in Sources */,
				77A541761D02CE8D0089474D /* CPlusplus.cpp in Sources */,
				7724A1B91C7C657000AD740E /* server_socket.m in Sources */,
				773297221C7C4870001F853F /* main.m in Sources */,
			);
			runOnlyForDeploymentPostprocessing = 0;
		};
/* End PBXSourcesBuildPhase section */

/* Begin XCBuildConfiguration section */
		773297231C7C4870001F853F /* Debug */ = {
			isa = XCBuildConfiguration;
			buildSettings = {
				ALWAYS_SEARCH_USER_PATHS = NO;
				CLANG_CXX_LANGUAGE_STANDARD = "gnu++0x";
				CLANG_CXX_LIBRARY = "libc++";
				CLANG_ENABLE_MODULES = YES;
				CLANG_ENABLE_OBJC_ARC = YES;
				CLANG_WARN_BOOL_CONVERSION = YES;
				CLANG_WARN_CONSTANT_CONVERSION = YES;
				CLANG_WARN_DIRECT_OBJC_ISA_USAGE = YES_ERROR;
				CLANG_WARN_EMPTY_BODY = YES;
				CLANG_WARN_ENUM_CONVERSION = YES;
				CLANG_WARN_INT_CONVERSION = YES;
				CLANG_WARN_OBJC_ROOT_CLASS = YES_ERROR;
				CLANG_WARN_UNREACHABLE_CODE = YES;
				CLANG_WARN__DUPLICATE_METHOD_MATCH = YES;
				CODE_SIGN_IDENTITY = "-";
				COPY_PHASE_STRIP = NO;
				DEBUG_INFORMATION_FORMAT = dwarf;
				ENABLE_STRICT_OBJC_MSGSEND = YES;
				ENABLE_TESTABILITY = YES;
				GCC_C_LANGUAGE_STANDARD = gnu99;
				GCC_DYNAMIC_NO_PIC = NO;
				GCC_NO_COMMON_BLOCKS = YES;
				GCC_OPTIMIZATION_LEVEL = 0;
				GCC_PREPROCESSOR_DEFINITIONS = (
					"DEBUG=1",
					"$(inherited)",
				);
				GCC_WARN_64_TO_32_BIT_CONVERSION = YES;
				GCC_WARN_ABOUT_RETURN_TYPE = YES_ERROR;
				GCC_WARN_UNDECLARED_SELECTOR = YES;
				GCC_WARN_UNINITIALIZED_AUTOS = YES_AGGRESSIVE;
				GCC_WARN_UNUSED_FUNCTION = YES;
				GCC_WARN_UNUSED_VARIABLE = YES;
				MACOSX_DEPLOYMENT_TARGET = 10.11;
				MTL_ENABLE_DEBUG_INFO = YES;
				ONLY_ACTIVE_ARCH = YES;
				SDKROOT = macosx;
			};
			name = Debug;
		};
		773297241C7C4870001F853F /* Release */ = {
			isa = XCBuildConfiguration;
			buildSettings = {
				ALWAYS_SEARCH_USER_PATHS = NO;
				CLANG_CXX_LANGUAGE_STANDARD = "gnu++0x";
				CLANG_CXX_LIBRARY = "libc++";
				CLANG_ENABLE_MODULES = YES;
				CLANG_ENABLE_OBJC_ARC = YES;
				CLANG_WARN_BOOL_CONVERSION = YES;
				CLANG_WARN_CONSTANT_CONVERSION = YES;
				CLANG_WARN_DIRECT_OBJC_ISA_USAGE = YES_ERROR;
				CLANG_WARN_EMPTY_BODY = YES;
				CLANG_WARN_ENUM_CONVERSION = YES;
				CLANG_WARN_INT_CONVERSION = YES;
				CLANG_WARN_OBJC_ROOT_CLASS = YES_ERROR;
				CLANG_WARN_UNREACHABLE_CODE = YES;
				CLANG_WARN__DUPLICATE_METHOD_MATCH = YES;
				CODE_SIGN_IDENTITY = "-";
				COPY_PHASE_STRIP = NO;
				DEBUG_INFORMATION_FORMAT = "dwarf-with-dsym";
				ENABLE_NS_ASSERTIONS = NO;
				ENABLE_STRICT_OBJC_MSGSEND = YES;
				GCC_C_LANGUAGE_STANDARD = gnu99;
				GCC_NO_COMMON_BLOCKS = YES;
				GCC_WARN_64_TO_32_BIT_CONVERSION = YES;
				GCC_WARN_ABOUT_RETURN_TYPE = YES_ERROR;
				GCC_WARN_UNDECLARED_SELECTOR = YES;
				GCC_WARN_UNINITIALIZED_AUTOS = YES_AGGRESSIVE;
				GCC_WARN_UNUSED_FUNCTION = YES;
				GCC_WARN_UNUSED_VARIABLE = YES;
				MACOSX_DEPLOYMENT_TARGET = 10.11;
				MTL_ENABLE_DEBUG_INFO = NO;
				SDKROOT = macosx;
			};
			name = Release;
		};
		773297261C7C4870001F853F /* Debug */ = {
			isa = XCBuildConfiguration;
			buildSettings = {
				PRODUCT_NAME = "$(TARGET_NAME)";
			};
			name = Debug;
		};
		773297271C7C4870001F853F /* Release */ = {
			isa = XCBuildConfiguration;
			buildSettings = {
				PRODUCT_NAME = "$(TARGET_NAME)";
			};
			name = Release;
		};
/* End XCBuildConfiguration section */

/* Begin XCConfigurationList section */
		773297191C7C4870001F853F /* Build configuration list for PBXProject "Block" */ = {
			isa = XCConfigurationList;
			buildConfigurations = (
				773297231C7C4870001F853F /* Debug */,
				773297241C7C4870001F853F /* Release */,
			);
			defaultConfigurationIsVisible = 0;
			defaultConfigurationName = Release;
		};
		773297251C7C4870001F853F /* Build configuration list for PBXNativeTarget "Block" */ = {
			isa = XCConfigurationList;
			buildConfigurations = (
				773297261C7C4870001F853F /* Debug */,
				773297271C7C4870001F853F /* Release */,
			);
			defaultConfigurationIsVisible = 0;
			defaultConfigurationName = Release;
		};
/* End XCConfigurationList section */
	};
	rootObject = 773297161C7C4870001F853F /* Project object */;
}
