// !$*UTF8*$!
{
	archiveVersion = 1;
	classes = {
	};
	objectVersion = 46;
	objects = {

/* Begin PBXBuildFile section */
		770B74251D487C670069BC30 /* main.m in Sources */ = {isa = PBXBuildFile; fileRef = 770B74241D487C670069BC30 /* main.m */; };
		770B74301D487CDF0069BC30 /* SqList.c in Sources */ = {isa = PBXBuildFile; fileRef = 770B742E1D487CDF0069BC30 /* SqList.c */; };
		770B74351D487FEE0069BC30 /* thread.c in Sources */ = {isa = PBXBuildFile; fileRef = 770B74321D487FED0069BC30 /* thread.c */; };
		770B74361D487FEE0069BC30 /* runloop.m in Sources */ = {isa = PBXBuildFile; fileRef = 770B74331D487FED0069BC30 /* runloop.m */; };
		770B74391D4880130069BC30 /* GCD.m in Sources */ = {isa = PBXBuildFile; fileRef = 770B74371D4880130069BC30 /* GCD.m */; };
		770B743C1D4880240069BC30 /* CPlusplus.cpp in Sources */ = {isa = PBXBuildFile; fileRef = 770B743B1D4880240069BC30 /* CPlusplus.cpp */; };
		770B743F1D48802F0069BC30 /* client_socket.m in Sources */ = {isa = PBXBuildFile; fileRef = 770B743D1D48802F0069BC30 /* client_socket.m */; };
		770B74441D48803C0069BC30 /* socket_manager.m in Sources */ = {isa = PBXBuildFile; fileRef = 770B74401D48803C0069BC30 /* socket_manager.m */; };
		770B74451D48803C0069BC30 /* server_socket.m in Sources */ = {isa = PBXBuildFile; fileRef = 770B74421D48803C0069BC30 /* server_socket.m */; };
		770B745A1D48809E0069BC30 /* Algorithm.m in Sources */ = {isa = PBXBuildFile; fileRef = 770B74581D48809E0069BC30 /* Algorithm.m */; };
		770B74611D4881210069BC30 /* queue.c in Sources */ = {isa = PBXBuildFile; fileRef = 770B745C1D4881210069BC30 /* queue.c */; };
		770B74621D4881210069BC30 /* link.c in Sources */ = {isa = PBXBuildFile; fileRef = 770B745E1D4881210069BC30 /* link.c */; };
		770B74631D4881210069BC30 /* binaryTree.c in Sources */ = {isa = PBXBuildFile; fileRef = 770B74601D4881210069BC30 /* binaryTree.c */; };
		770B74661D4881650069BC30 /* struct.c in Sources */ = {isa = PBXBuildFile; fileRef = 770B74651D4881650069BC30 /* struct.c */; };
		770B74691D48818A0069BC30 /* stack.c in Sources */ = {isa = PBXBuildFile; fileRef = 770B74681D48818A0069BC30 /* stack.c */; };
		770B746C1D4881CD0069BC30 /* polymorphic.c in Sources */ = {isa = PBXBuildFile; fileRef = 770B746B1D4881CD0069BC30 /* polymorphic.c */; };
		770B746F1D4881FF0069BC30 /* character.c in Sources */ = {isa = PBXBuildFile; fileRef = 770B746E1D4881FF0069BC30 /* character.c */; };
		770B747F1D4882510069BC30 /* block.mm in Sources */ = {isa = PBXBuildFile; fileRef = 770B747D1D4882510069BC30 /* block.mm */; };
		770B74841D48A93D0069BC30 /* Node.c in Sources */ = {isa = PBXBuildFile; fileRef = 770B74821D48A93D0069BC30 /* Node.c */; };
		772654F01D5F33F00082E13D /* StatusEntity.m in Sources */ = {isa = PBXBuildFile; fileRef = 772654EF1D5F33F00082E13D /* StatusEntity.m */; };
		772654F71D5F45D90082E13D /* NSObject+Model.m in Sources */ = {isa = PBXBuildFile; fileRef = 772654F61D5F45D90082E13D /* NSObject+Model.m */; };
		772654FA1D5F483E0082E13D /* NSObject+Log.m in Sources */ = {isa = PBXBuildFile; fileRef = 772654F91D5F483E0082E13D /* NSObject+Log.m */; };
		77852F4E1D4EF4B700BB967D /* DulNode.c in Sources */ = {isa = PBXBuildFile; fileRef = 77852F4C1D4EF4B700BB967D /* DulNode.c */; };
/* End PBXBuildFile section */

/* Begin PBXCopyFilesBuildPhase section */
		7732971C1C7C4870001F853F /* CopyFiles */ = {
			isa = PBXCopyFilesBuildPhase;
			buildActionMask = 2147483647;
			dstPath = /usr/share/man/man1/;
			dstSubfolderSpec = 0;
			files = (
			);
			runOnlyForDeploymentPostprocessing = 1;
		};
/* End PBXCopyFilesBuildPhase section */

/* Begin PBXFileReference section */
		770B74241D487C670069BC30 /* main.m */ = {isa = PBXFileReference; fileEncoding = 4; lastKnownFileType = sourcecode.c.objc; path = main.m; sourceTree = "<group>"; };
		770B742E1D487CDF0069BC30 /* SqList.c */ = {isa = PBXFileReference; fileEncoding = 4; lastKnownFileType = sourcecode.c.c; path = SqList.c; sourceTree = "<group>"; };
		770B742F1D487CDF0069BC30 /* SqList.h */ = {isa = PBXFileReference; fileEncoding = 4; lastKnownFileType = sourcecode.c.h; path = SqList.h; sourceTree = "<group>"; };
		770B74311D487FED0069BC30 /* thread.h */ = {isa = PBXFileReference; fileEncoding = 4; lastKnownFileType = sourcecode.c.h; path = thread.h; sourceTree = "<group>"; };
		770B74321D487FED0069BC30 /* thread.c */ = {isa = PBXFileReference; fileEncoding = 4; lastKnownFileType = sourcecode.c.c; path = thread.c; sourceTree = "<group>"; };
		770B74331D487FED0069BC30 /* runloop.m */ = {isa = PBXFileReference; fileEncoding = 4; lastKnownFileType = sourcecode.c.objc; path = runloop.m; sourceTree = "<group>"; };
		770B74341D487FED0069BC30 /* runloop.h */ = {isa = PBXFileReference; fileEncoding = 4; lastKnownFileType = sourcecode.c.h; path = runloop.h; sourceTree = "<group>"; };
		770B74371D4880130069BC30 /* GCD.m */ = {isa = PBXFileReference; fileEncoding = 4; lastKnownFileType = sourcecode.c.objc; path = GCD.m; sourceTree = "<group>"; };
		770B74381D4880130069BC30 /* GCD.h */ = {isa = PBXFileReference; fileEncoding = 4; lastKnownFileType = sourcecode.c.h; path = GCD.h; sourceTree = "<group>"; };
		770B743A1D4880240069BC30 /* CPlusplus.hpp */ = {isa = PBXFileReference; fileEncoding = 4; lastKnownFileType = sourcecode.cpp.h; path = CPlusplus.hpp; sourceTree = "<group>"; };
		770B743B1D4880240069BC30 /* CPlusplus.cpp */ = {isa = PBXFileReference; fileEncoding = 4; lastKnownFileType = sourcecode.cpp.cpp; path = CPlusplus.cpp; sourceTree = "<group>"; };
		770B743D1D48802F0069BC30 /* client_socket.m */ = {isa = PBXFileReference; fileEncoding = 4; lastKnownFileType = sourcecode.c.objc; path = client_socket.m; sourceTree = "<group>"; };
		770B743E1D48802F0069BC30 /* client_socket.h */ = {isa = PBXFileReference; fileEncoding = 4; lastKnownFileType = sourcecode.c.h; path = client_socket.h; sourceTree = "<group>"; };
		770B74401D48803C0069BC30 /* socket_manager.m */ = {isa = PBXFileReference; fileEncoding = 4; lastKnownFileType = sourcecode.c.objc; path = socket_manager.m; sourceTree = "<group>"; };
		770B74411D48803C0069BC30 /* socket_manager.h */ = {isa = PBXFileReference; fileEncoding = 4; lastKnownFileType = sourcecode.c.h; path = socket_manager.h; sourceTree = "<group>"; };
		770B74421D48803C0069BC30 /* server_socket.m */ = {isa = PBXFileReference; fileEncoding = 4; lastKnownFileType = sourcecode.c.objc; path = server_socket.m; sourceTree = "<group>"; };
		770B74431D48803C0069BC30 /* server_socket.h */ = {isa = PBXFileReference; fileEncoding = 4; lastKnownFileType = sourcecode.c.h; path = server_socket.h; sourceTree = "<group>"; };
		770B74581D48809E0069BC30 /* Algorithm.m */ = {isa = PBXFileReference; fileEncoding = 4; lastKnownFileType = sourcecode.c.objc; path = Algorithm.m; sourceTree = "<group>"; };
		770B74591D48809E0069BC30 /* Algorithm.h */ = {isa = PBXFileReference; fileEncoding = 4; lastKnownFileType = sourcecode.c.h; path = Algorithm.h; sourceTree = "<group>"; };
		770B745B1D4881210069BC30 /* queue.h */ = {isa = PBXFileReference; fileEncoding = 4; lastKnownFileType = sourcecode.c.h; path = queue.h; sourceTree = "<group>"; };
		770B745C1D4881210069BC30 /* queue.c */ = {isa = PBXFileReference; fileEncoding = 4; lastKnownFileType = sourcecode.c.c; path = queue.c; sourceTree = "<group>"; };
		770B745D1D4881210069BC30 /* link.h */ = {isa = PBXFileReference; fileEncoding = 4; lastKnownFileType = sourcecode.c.h; path = link.h; sourceTree = "<group>"; };
		770B745E1D4881210069BC30 /* link.c */ = {isa = PBXFileReference; fileEncoding = 4; lastKnownFileType = sourcecode.c.c; path = link.c; sourceTree = "<group>"; };
		770B745F1D4881210069BC30 /* binaryTree.h */ = {isa = PBXFileReference; fileEncoding = 4; lastKnownFileType = sourcecode.c.h; path = binaryTree.h; sourceTree = "<group>"; };
		770B74601D4881210069BC30 /* binaryTree.c */ = {isa = PBXFileReference; fileEncoding = 4; lastKnownFileType = sourcecode.c.c; path = binaryTree.c; sourceTree = "<group>"; };
		770B74641D4881650069BC30 /* struct.h */ = {isa = PBXFileReference; fileEncoding = 4; lastKnownFileType = sourcecode.c.h; path = struct.h; sourceTree = "<group>"; };
		770B74651D4881650069BC30 /* struct.c */ = {isa = PBXFileReference; fileEncoding = 4; lastKnownFileType = sourcecode.c.c; path = struct.c; sourceTree = "<group>"; };
		770B74671D48818A0069BC30 /* stack.h */ = {isa = PBXFileReference; fileEncoding = 4; lastKnownFileType = sourcecode.c.h; path = stack.h; sourceTree = "<group>"; };
		770B74681D48818A0069BC30 /* stack.c */ = {isa = PBXFileReference; fileEncoding = 4; lastKnownFileType = sourcecode.c.c; path = stack.c; sourceTree = "<group>"; };
		770B746A1D4881CD0069BC30 /* polymorphic.h */ = {isa = PBXFileReference; fileEncoding = 4; lastKnownFileType = sourcecode.c.h; path = polymorphic.h; sourceTree = "<group>"; };
		770B746B1D4881CD0069BC30 /* polymorphic.c */ = {isa = PBXFileReference; fileEncoding = 4; lastKnownFileType = sourcecode.c.c; path = polymorphic.c; sourceTree = "<group>"; };
		770B746D1D4881FF0069BC30 /* character.h */ = {isa = PBXFileReference; fileEncoding = 4; lastKnownFileType = sourcecode.c.h; path = character.h; sourceTree = "<group>"; };
		770B746E1D4881FF0069BC30 /* character.c */ = {isa = PBXFileReference; fileEncoding = 4; lastKnownFileType = sourcecode.c.c; path = character.c; sourceTree = "<group>"; };
		770B747D1D4882510069BC30 /* block.mm */ = {isa = PBXFileReference; fileEncoding = 4; lastKnownFileType = sourcecode.cpp.objcpp; path = block.mm; sourceTree = "<group>"; };
		770B747E1D4882510069BC30 /* block.h */ = {isa = PBXFileReference; fileEncoding = 4; lastKnownFileType = sourcecode.c.h; path = block.h; sourceTree = "<group>"; };
		770B74811D488CB50069BC30 /* RHCHeaders.h */ = {isa = PBXFileReference; fileEncoding = 4; lastKnownFileType = sourcecode.c.h; path = RHCHeaders.h; sourceTree = "<group>"; };
		770B74821D48A93D0069BC30 /* Node.c */ = {isa = PBXFileReference; fileEncoding = 4; lastKnownFileType = sourcecode.c.c; path = Node.c; sourceTree = "<group>"; };
		770B74831D48A93D0069BC30 /* Node.h */ = {isa = PBXFileReference; fileEncoding = 4; lastKnownFileType = sourcecode.c.h; path = Node.h; sourceTree = "<group>"; };
		770B74851D48AA3E0069BC30 /* RHCMacros.h */ = {isa = PBXFileReference; fileEncoding = 4; lastKnownFileType = sourcecode.c.h; path = RHCMacros.h; sourceTree = "<group>"; };
		770B748B1D48BD6F0069BC30 /* node_insert_01.png */ = {isa = PBXFileReference; lastKnownFileType = image.png; path = node_insert_01.png; sourceTree = "<group>"; };
		770B748C1D48BD6F0069BC30 /* node_insert_00.png */ = {isa = PBXFileReference; lastKnownFileType = image.png; path = node_insert_00.png; sourceTree = "<group>"; };
		770B748D1D48BD6F0069BC30 /* node_delete00.png */ = {isa = PBXFileReference; lastKnownFileType = image.png; path = node_delete00.png; sourceTree = "<group>"; };
		770B748E1D48BD6F0069BC30 /* DS_01.png */ = {isa = PBXFileReference; lastKnownFileType = image.png; path = DS_01.png; sourceTree = "<group>"; };
		770B748F1D48BD6F0069BC30 /* DS_00.png */ = {isa = PBXFileReference; lastKnownFileType = image.png; path = DS_00.png; sourceTree = "<group>"; };
		770B74901D48BE460069BC30 /* node_create_00.png */ = {isa = PBXFileReference; lastKnownFileType = image.png; path = node_create_00.png; sourceTree = "<group>"; };
		770B74921D48C60D0069BC30 /* node_create_001.png */ = {isa = PBXFileReference; lastKnownFileType = image.png; path = node_create_001.png; sourceTree = "<group>"; };
		770B74931D48F4830069BC30 /* node_create_002.png */ = {isa = PBXFileReference; lastKnownFileType = image.png; path = node_create_002.png; sourceTree = "<group>"; };
		772654EE1D5F33F00082E13D /* StatusEntity.h */ = {isa = PBXFileReference; fileEncoding = 4; lastKnownFileType = sourcecode.c.h; path = StatusEntity.h; sourceTree = "<group>"; };
		772654EF1D5F33F00082E13D /* StatusEntity.m */ = {isa = PBXFileReference; fileEncoding = 4; lastKnownFileType = sourcecode.c.objc; path = StatusEntity.m; sourceTree = "<group>"; };
		772654F41D5F35900082E13D /* Entity.plist */ = {isa = PBXFileReference; fileEncoding = 4; lastKnownFileType = text.plist.xml; path = Entity.plist; sourceTree = "<group>"; };
		772654F51D5F45D90082E13D /* NSObject+Model.h */ = {isa = PBXFileReference; fileEncoding = 4; lastKnownFileType = sourcecode.c.h; path = "NSObject+Model.h"; sourceTree = "<group>"; };
		772654F61D5F45D90082E13D /* NSObject+Model.m */ = {isa = PBXFileReference; fileEncoding = 4; lastKnownFileType = sourcecode.c.objc; path = "NSObject+Model.m"; sourceTree = "<group>"; };
		772654F81D5F483E0082E13D /* NSObject+Log.h */ = {isa = PBXFileReference; fileEncoding = 4; lastKnownFileType = sourcecode.c.h; path = "NSObject+Log.h"; sourceTree = "<group>"; };
		772654F91D5F483E0082E13D /* NSObject+Log.m */ = {isa = PBXFileReference; fileEncoding = 4; lastKnownFileType = sourcecode.c.objc; path = "NSObject+Log.m"; sourceTree = "<group>"; };
		77852F481D4EF32000BB967D /* Block */ = {isa = PBXFileReference; explicitFileType = "compiled.mach-o.executable"; includeInIndex = 0; path = Block; sourceTree = BUILT_PRODUCTS_DIR; };
		77852F4C1D4EF4B700BB967D /* DulNode.c */ = {isa = PBXFileReference; fileEncoding = 4; lastKnownFileType = sourcecode.c.c; path = DulNode.c; sourceTree = "<group>"; };
		77852F4D1D4EF4B700BB967D /* DulNode.h */ = {isa = PBXFileReference; fileEncoding = 4; lastKnownFileType = sourcecode.c.h; path = DulNode.h; sourceTree = "<group>"; };
		77852F4F1D4EF5A800BB967D /* DulNode001.png */ = {isa = PBXFileReference; lastKnownFileType = image.png; path = DulNode001.png; sourceTree = "<group>"; };
		77852F511D4F009800BB967D /* DulNode002.png */ = {isa = PBXFileReference; lastKnownFileType = image.png; path = DulNode002.png; sourceTree = "<group>"; };
		77852F521D4F0DB900BB967D /* DulNode003.png */ = {isa = PBXFileReference; lastKnownFileType = image.png; path = DulNode003.png; sourceTree = "<group>"; };
/* End PBXFileReference section */

/* Begin PBXFrameworksBuildPhase section */
		7732971B1C7C4870001F853F /* Frameworks */ = {
			isa = PBXFrameworksBuildPhase;
			buildActionMask = 2147483647;
			files = (
			);
			runOnlyForDeploymentPostprocessing = 0;
		};
/* End PBXFrameworksBuildPhase section */

/* Begin PBXGroup section */
		770B74261D487CAD0069BC30 /* Algorithm */ = {
			isa = PBXGroup;
			children = (
				770B74581D48809E0069BC30 /* Algorithm.m */,
				770B74591D48809E0069BC30 /* Algorithm.h */,
			);
			path = Algorithm;
			sourceTree = "<group>";
		};
		770B74271D487CC40069BC30 /* C++ */ = {
			isa = PBXGroup;
			children = (
				770B746A1D4881CD0069BC30 /* polymorphic.h */,
				770B746B1D4881CD0069BC30 /* polymorphic.c */,
				770B743A1D4880240069BC30 /* CPlusplus.hpp */,
				770B743B1D4880240069BC30 /* CPlusplus.cpp */,
			);
			path = "C++";
			sourceTree = "<group>";
		};
		770B74281D487CC40069BC30 /* Character */ = {
			isa = PBXGroup;
			children = (
				770B746D1D4881FF0069BC30 /* character.h */,
				770B746E1D4881FF0069BC30 /* character.c */,
			);
			path = Character;
			sourceTree = "<group>";
		};
		770B74291D487CC40069BC30 /* DS */ = {
			isa = PBXGroup;
			children = (
				770B74671D48818A0069BC30 /* stack.h */,
				770B74681D48818A0069BC30 /* stack.c */,
				770B74641D4881650069BC30 /* struct.h */,
				770B74651D4881650069BC30 /* struct.c */,
				770B745B1D4881210069BC30 /* queue.h */,
				770B745C1D4881210069BC30 /* queue.c */,
				770B745D1D4881210069BC30 /* link.h */,
				770B745E1D4881210069BC30 /* link.c */,
				770B745F1D4881210069BC30 /* binaryTree.h */,
				770B74601D4881210069BC30 /* binaryTree.c */,
			);
			path = DS;
			sourceTree = "<group>";
		};
		770B742A1D487CC40069BC30 /* GCD */ = {
			isa = PBXGroup;
			children = (
				770B74371D4880130069BC30 /* GCD.m */,
				770B74381D4880130069BC30 /* GCD.h */,
			);
			path = GCD;
			sourceTree = "<group>";
		};
		770B742B1D487CDF0069BC30 /* RunLoop */ = {
			isa = PBXGroup;
			children = (
				770B74311D487FED0069BC30 /* thread.h */,
				770B74321D487FED0069BC30 /* thread.c */,
				770B74331D487FED0069BC30 /* runloop.m */,
				770B74341D487FED0069BC30 /* runloop.h */,
			);
			path = RunLoop;
			sourceTree = "<group>";
		};
		770B742C1D487CDF0069BC30 /* Socket */ = {
			isa = PBXGroup;
			children = (
				770B74401D48803C0069BC30 /* socket_manager.m */,
				770B74411D48803C0069BC30 /* socket_manager.h */,
				770B74421D48803C0069BC30 /* server_socket.m */,
				770B74431D48803C0069BC30 /* server_socket.h */,
				770B743D1D48802F0069BC30 /* client_socket.m */,
				770B743E1D48802F0069BC30 /* client_socket.h */,
			);
			path = Socket;
			sourceTree = "<group>";
		};
		770B742D1D487CDF0069BC30 /* SqList */ = {
			isa = PBXGroup;
			children = (
				77852F4F1D4EF5A800BB967D /* DulNode001.png */,
				77852F511D4F009800BB967D /* DulNode002.png */,
				77852F521D4F0DB900BB967D /* DulNode003.png */,
				770B742E1D487CDF0069BC30 /* SqList.c */,
				770B742F1D487CDF0069BC30 /* SqList.h */,
				770B74821D48A93D0069BC30 /* Node.c */,
				770B74831D48A93D0069BC30 /* Node.h */,
				77852F4C1D4EF4B700BB967D /* DulNode.c */,
				77852F4D1D4EF4B700BB967D /* DulNode.h */,
			);
			path = SqList;
			sourceTree = "<group>";
		};
		770B74701D4882300069BC30 /* Block */ = {
			isa = PBXGroup;
			children = (
				770B747D1D4882510069BC30 /* block.mm */,
				770B747E1D4882510069BC30 /* block.h */,
			);
			path = Block;
			sourceTree = "<group>";
		};
		770B74801D488C9F0069BC30 /* Others */ = {
			isa = PBXGroup;
			children = (
				770B74901D48BE460069BC30 /* node_create_00.png */,
				770B74921D48C60D0069BC30 /* node_create_001.png */,
				770B74931D48F4830069BC30 /* node_create_002.png */,
				770B748B1D48BD6F0069BC30 /* node_insert_01.png */,
				770B748C1D48BD6F0069BC30 /* node_insert_00.png */,
				770B748D1D48BD6F0069BC30 /* node_delete00.png */,
				770B748E1D48BD6F0069BC30 /* DS_01.png */,
				770B748F1D48BD6F0069BC30 /* DS_00.png */,
				770B74811D488CB50069BC30 /* RHCHeaders.h */,
				770B74851D48AA3E0069BC30 /* RHCMacros.h */,
			);
			path = Others;
			sourceTree = "<group>";
		};
		772654ED1D5F33AB0082E13D /* KVC */ = {
			isa = PBXGroup;
			children = (
				772654F41D5F35900082E13D /* Entity.plist */,
				772654EE1D5F33F00082E13D /* StatusEntity.h */,
				772654EF1D5F33F00082E13D /* StatusEntity.m */,
				772654F51D5F45D90082E13D /* NSObject+Model.h */,
				772654F61D5F45D90082E13D /* NSObject+Model.m */,
				772654F81D5F483E0082E13D /* NSObject+Log.h */,
				772654F91D5F483E0082E13D /* NSObject+Log.m */,
			);
			path = KVC;
			sourceTree = "<group>";
		};
		773297151C7C4870001F853F = {
			isa = PBXGroup;
			children = (
				772654ED1D5F33AB0082E13D /* KVC */,
				770B74801D488C9F0069BC30 /* Others */,
				770B74701D4882300069BC30 /* Block */,
				770B742B1D487CDF0069BC30 /* RunLoop */,
				770B742C1D487CDF0069BC30 /* Socket */,
				770B742D1D487CDF0069BC30 /* SqList */,
				770B74271D487CC40069BC30 /* C++ */,
				770B74281D487CC40069BC30 /* Character */,
				770B74291D487CC40069BC30 /* DS */,
				770B742A1D487CC40069BC30 /* GCD */,
				770B74261D487CAD0069BC30 /* Algorithm */,
				770B74241D487C670069BC30 /* main.m */,
				77852F481D4EF32000BB967D /* Block */,
			);
			sourceTree = "<group>";
		};
/* End PBXGroup section */

/* Begin PBXNativeTarget section */
		7732971D1C7C4870001F853F /* Block */ = {
			isa = PBXNativeTarget;
			buildConfigurationList = 773297251C7C4870001F853F /* Build configuration list for PBXNativeTarget "Block" */;
			buildPhases = (
				7732971A1C7C4870001F853F /* Sources */,
				7732971B1C7C4870001F853F /* Frameworks */,
				7732971C1C7C4870001F853F /* CopyFiles */,
			);
			buildRules = (
			);
			dependencies = (
			);
			name = Block;
			productName = Block;
			productReference = 77852F481D4EF32000BB967D /* Block */;
			productType = "com.apple.product-type.tool";
		};
/* End PBXNativeTarget section */

/* Begin PBXProject section */
		773297161C7C4870001F853F /* Project object */ = {
			isa = PBXProject;
			attributes = {
				LastUpgradeCheck = 0720;
				ORGANIZATIONNAME = "hairong chen";
				TargetAttributes = {
					7732971D1C7C4870001F853F = {
						CreatedOnToolsVersion = 7.2.1;
					};
				};
			};
			buildConfigurationList = 773297191C7C4870001F853F /* Build configuration list for PBXProject "Block" */;
			compatibilityVersion = "Xcode 3.2";
			developmentRegion = English;
			hasScannedForEncodings = 0;
			knownRegions = (
				en,
			);
			mainGroup = 773297151C7C4870001F853F;
			productRefGroup = 773297151C7C4870001F853F;
			projectDirPath = "";
			projectRoot = "";
			targets = (
				7732971D1C7C4870001F853F /* Block */,
			);
		};
/* End PBXProject section */

/* Begin PBXSourcesBuildPhase section */
		7732971A1C7C4870001F853F /* Sources */ = {
			isa = PBXSourcesBuildPhase;
			buildActionMask = 2147483647;
			files = (
				770B74661D4881650069BC30 /* struct.c in Sources */,
				770B74391D4880130069BC30 /* GCD.m in Sources */,
				770B74621D4881210069BC30 /* link.c in Sources */,
				770B743C1D4880240069BC30 /* CPlusplus.cpp in Sources */,
				770B74841D48A93D0069BC30 /* Node.c in Sources */,
				77852F4E1D4EF4B700BB967D /* DulNode.c in Sources */,
				770B746C1D4881CD0069BC30 /* polymorphic.c in Sources */,
				770B746F1D4881FF0069BC30 /* character.c in Sources */,
				770B74251D487C670069BC30 /* main.m in Sources */,
				770B74611D4881210069BC30 /* queue.c in Sources */,
				770B74301D487CDF0069BC30 /* SqList.c in Sources */,
				770B74691D48818A0069BC30 /* stack.c in Sources */,
				770B743F1D48802F0069BC30 /* client_socket.m in Sources */,
				770B747F1D4882510069BC30 /* block.mm in Sources */,
				772654FA1D5F483E0082E13D /* NSObject+Log.m in Sources */,
				770B74351D487FEE0069BC30 /* thread.c in Sources */,
				770B74451D48803C0069BC30 /* server_socket.m in Sources */,
				770B74441D48803C0069BC30 /* socket_manager.m in Sources */,
				770B745A1D48809E0069BC30 /* Algorithm.m in Sources */,
				772654F01D5F33F00082E13D /* StatusEntity.m in Sources */,
				772654F71D5F45D90082E13D /* NSObject+Model.m in Sources */,
				770B74631D4881210069BC30 /* binaryTree.c in Sources */,
				770B74361D487FEE0069BC30 /* runloop.m in Sources */,
			);
			runOnlyForDeploymentPostprocessing = 0;
		};
/* End PBXSourcesBuildPhase section */

/* Begin XCBuildConfiguration section */
		773297231C7C4870001F853F /* Debug */ = {
			isa = XCBuildConfiguration;
			buildSettings = {
				ALWAYS_SEARCH_USER_PATHS = NO;
				CLANG_CXX_LANGUAGE_STANDARD = "gnu++0x";
				CLANG_CXX_LIBRARY = "libc++";
				CLANG_ENABLE_MODULES = YES;
				CLANG_ENABLE_OBJC_ARC = YES;
				CLANG_WARN_BOOL_CONVERSION = YES;
				CLANG_WARN_CONSTANT_CONVERSION = YES;
				CLANG_WARN_DIRECT_OBJC_ISA_USAGE = YES_ERROR;
				CLANG_WARN_EMPTY_BODY = YES;
				CLANG_WARN_ENUM_CONVERSION = YES;
				CLANG_WARN_INT_CONVERSION = YES;
				CLANG_WARN_OBJC_ROOT_CLASS = YES_ERROR;
				CLANG_WARN_UNREACHABLE_CODE = YES;
				CLANG_WARN__DUPLICATE_METHOD_MATCH = YES;
				CODE_SIGN_IDENTITY = "-";
				COPY_PHASE_STRIP = NO;
				DEBUG_INFORMATION_FORMAT = dwarf;
				ENABLE_STRICT_OBJC_MSGSEND = YES;
				ENABLE_TESTABILITY = YES;
				GCC_C_LANGUAGE_STANDARD = gnu99;
				GCC_DYNAMIC_NO_PIC = NO;
				GCC_NO_COMMON_BLOCKS = YES;
				GCC_OPTIMIZATION_LEVEL = 0;
				GCC_PREPROCESSOR_DEFINITIONS = (
					"DEBUG=1",
					"$(inherited)",
				);
				GCC_WARN_64_TO_32_BIT_CONVERSION = YES;
				GCC_WARN_ABOUT_RETURN_TYPE = YES_ERROR;
				GCC_WARN_UNDECLARED_SELECTOR = YES;
				GCC_WARN_UNINITIALIZED_AUTOS = YES_AGGRESSIVE;
				GCC_WARN_UNUSED_FUNCTION = YES;
				GCC_WARN_UNUSED_VARIABLE = YES;
				MACOSX_DEPLOYMENT_TARGET = 10.11;
				MTL_ENABLE_DEBUG_INFO = YES;
				ONLY_ACTIVE_ARCH = YES;
				SDKROOT = macosx;
			};
			name = Debug;
		};
		773297241C7C4870001F853F /* Release */ = {
			isa = XCBuildConfiguration;
			buildSettings = {
				ALWAYS_SEARCH_USER_PATHS = NO;
				CLANG_CXX_LANGUAGE_STANDARD = "gnu++0x";
				CLANG_CXX_LIBRARY = "libc++";
				CLANG_ENABLE_MODULES = YES;
				CLANG_ENABLE_OBJC_ARC = YES;
				CLANG_WARN_BOOL_CONVERSION = YES;
				CLANG_WARN_CONSTANT_CONVERSION = YES;
				CLANG_WARN_DIRECT_OBJC_ISA_USAGE = YES_ERROR;
				CLANG_WARN_EMPTY_BODY = YES;
				CLANG_WARN_ENUM_CONVERSION = YES;
				CLANG_WARN_INT_CONVERSION = YES;
				CLANG_WARN_OBJC_ROOT_CLASS = YES_ERROR;
				CLANG_WARN_UNREACHABLE_CODE = YES;
				CLANG_WARN__DUPLICATE_METHOD_MATCH = YES;
				CODE_SIGN_IDENTITY = "-";
				COPY_PHASE_STRIP = NO;
				DEBUG_INFORMATION_FORMAT = "dwarf-with-dsym";
				ENABLE_NS_ASSERTIONS = NO;
				ENABLE_STRICT_OBJC_MSGSEND = YES;
				GCC_C_LANGUAGE_STANDARD = gnu99;
				GCC_NO_COMMON_BLOCKS = YES;
				GCC_WARN_64_TO_32_BIT_CONVERSION = YES;
				GCC_WARN_ABOUT_RETURN_TYPE = YES_ERROR;
				GCC_WARN_UNDECLARED_SELECTOR = YES;
				GCC_WARN_UNINITIALIZED_AUTOS = YES_AGGRESSIVE;
				GCC_WARN_UNUSED_FUNCTION = YES;
				GCC_WARN_UNUSED_VARIABLE = YES;
				MACOSX_DEPLOYMENT_TARGET = 10.11;
				MTL_ENABLE_DEBUG_INFO = NO;
				SDKROOT = macosx;
			};
			name = Release;
		};
		773297261C7C4870001F853F /* Debug */ = {
			isa = XCBuildConfiguration;
			buildSettings = {
				CLANG_ENABLE_OBJC_ARC = NO;
				LD_NO_PIE = NO;
				OTHER_CFLAGS = "";
				OTHER_CPLUSPLUSFLAGS = "";
				PRODUCT_NAME = "$(TARGET_NAME)";
			};
			name = Debug;
		};
		773297271C7C4870001F853F /* Release */ = {
			isa = XCBuildConfiguration;
			buildSettings = {
				CLANG_ENABLE_OBJC_ARC = NO;
				LD_NO_PIE = NO;
				OTHER_CFLAGS = "";
				OTHER_CPLUSPLUSFLAGS = "";
				PRODUCT_NAME = "$(TARGET_NAME)";
			};
			name = Release;
		};
/* End XCBuildConfiguration section */

/* Begin XCConfigurationList section */
		773297191C7C4870001F853F /* Build configuration list for PBXProject "Block" */ = {
			isa = XCConfigurationList;
			buildConfigurations = (
				773297231C7C4870001F853F /* Debug */,
				773297241C7C4870001F853F /* Release */,
			);
			defaultConfigurationIsVisible = 0;
			defaultConfigurationName = Release;
		};
		773297251C7C4870001F853F /* Build configuration list for PBXNativeTarget "Block" */ = {
			isa = XCConfigurationList;
			buildConfigurations = (
				773297261C7C4870001F853F /* Debug */,
				773297271C7C4870001F853F /* Release */,
			);
			defaultConfigurationIsVisible = 0;
			defaultConfigurationName = Release;
		};
/* End XCConfigurationList section */
	};
	rootObject = 773297161C7C4870001F853F /* Project object */;
}
